// !$*UTF8*$!
{
	archiveVersion = 1;
	classes = {
	};
	objectVersion = 50;
	objects = {

/* Begin PBXBuildFile section */
		3A65681326666DBF006C6D6C /* DateExtension.swift in Sources */ = {isa = PBXBuildFile; fileRef = 3A65681226666DBF006C6D6C /* DateExtension.swift */; };
		3A65681526666DEF006C6D6C /* ImageViewExtension.swift in Sources */ = {isa = PBXBuildFile; fileRef = 3A65681426666DEF006C6D6C /* ImageViewExtension.swift */; };
		3A65681726666E0D006C6D6C /* FormatTempFloatExtension.swift in Sources */ = {isa = PBXBuildFile; fileRef = 3A65681626666E0D006C6D6C /* FormatTempFloatExtension.swift */; };
		3A65681A26667069006C6D6C /* TableViewCell.swift in Sources */ = {isa = PBXBuildFile; fileRef = 3A65681926667069006C6D6C /* TableViewCell.swift */; };
		3AA199CC2665969B002B40F0 /* NetworkManager.swift in Sources */ = {isa = PBXBuildFile; fileRef = 3AA199CB2665969B002B40F0 /* NetworkManager.swift */; };
		3AA199CE26659BC5002B40F0 /* Weather.swift in Sources */ = {isa = PBXBuildFile; fileRef = 3AA199CD26659BC5002B40F0 /* Weather.swift */; };
		3AA199D026666075002B40F0 /* WeatherViewController.swift in Sources */ = {isa = PBXBuildFile; fileRef = 3AA199CF26666075002B40F0 /* WeatherViewController.swift */; };
		A4993C9F22412FB50067ABC0 /* AppDelegate.swift in Sources */ = {isa = PBXBuildFile; fileRef = A4993C9E22412FB50067ABC0 /* AppDelegate.swift */; };
		A4993CA122412FB50067ABC0 /* ViewController.swift in Sources */ = {isa = PBXBuildFile; fileRef = A4993CA022412FB50067ABC0 /* ViewController.swift */; };
		A4993CA422412FB50067ABC0 /* Main.storyboard in Resources */ = {isa = PBXBuildFile; fileRef = A4993CA222412FB50067ABC0 /* Main.storyboard */; };
		A4993CA622412FB60067ABC0 /* Assets.xcassets in Resources */ = {isa = PBXBuildFile; fileRef = A4993CA522412FB60067ABC0 /* Assets.xcassets */; };
		A4993CA922412FB60067ABC0 /* LaunchScreen.storyboard in Resources */ = {isa = PBXBuildFile; fileRef = A4993CA722412FB60067ABC0 /* LaunchScreen.storyboard */; };
/* End PBXBuildFile section */

/* Begin PBXFileReference section */
		3A65681226666DBF006C6D6C /* DateExtension.swift */ = {isa = PBXFileReference; lastKnownFileType = sourcecode.swift; path = DateExtension.swift; sourceTree = "<group>"; };
		3A65681426666DEF006C6D6C /* ImageViewExtension.swift */ = {isa = PBXFileReference; lastKnownFileType = sourcecode.swift; path = ImageViewExtension.swift; sourceTree = "<group>"; };
		3A65681626666E0D006C6D6C /* FormatTempFloatExtension.swift */ = {isa = PBXFileReference; lastKnownFileType = sourcecode.swift; path = FormatTempFloatExtension.swift; sourceTree = "<group>"; };
		3A65681926667069006C6D6C /* TableViewCell.swift */ = {isa = PBXFileReference; lastKnownFileType = sourcecode.swift; path = TableViewCell.swift; sourceTree = "<group>"; };
		3AA199CB2665969B002B40F0 /* NetworkManager.swift */ = {isa = PBXFileReference; lastKnownFileType = sourcecode.swift; path = NetworkManager.swift; sourceTree = "<group>"; };
		3AA199CD26659BC5002B40F0 /* Weather.swift */ = {isa = PBXFileReference; lastKnownFileType = sourcecode.swift; path = Weather.swift; sourceTree = "<group>"; };
		3AA199CF26666075002B40F0 /* WeatherViewController.swift */ = {isa = PBXFileReference; lastKnownFileType = sourcecode.swift; path = WeatherViewController.swift; sourceTree = "<group>"; };
		A4993C9B22412FB50067ABC0 /* IOSMapKitTutorial.app */ = {isa = PBXFileReference; explicitFileType = wrapper.application; includeInIndex = 0; path = IOSMapKitTutorial.app; sourceTree = BUILT_PRODUCTS_DIR; };
		A4993C9E22412FB50067ABC0 /* AppDelegate.swift */ = {isa = PBXFileReference; lastKnownFileType = sourcecode.swift; path = AppDelegate.swift; sourceTree = "<group>"; };
		A4993CA022412FB50067ABC0 /* ViewController.swift */ = {isa = PBXFileReference; lastKnownFileType = sourcecode.swift; path = ViewController.swift; sourceTree = "<group>"; };
		A4993CA322412FB50067ABC0 /* Base */ = {isa = PBXFileReference; lastKnownFileType = file.storyboard; name = Base; path = Base.lproj/Main.storyboard; sourceTree = "<group>"; };
		A4993CA522412FB60067ABC0 /* Assets.xcassets */ = {isa = PBXFileReference; lastKnownFileType = folder.assetcatalog; path = Assets.xcassets; sourceTree = "<group>"; };
		A4993CA822412FB60067ABC0 /* Base */ = {isa = PBXFileReference; lastKnownFileType = file.storyboard; name = Base; path = Base.lproj/LaunchScreen.storyboard; sourceTree = "<group>"; };
		A4993CAA22412FB60067ABC0 /* Info.plist */ = {isa = PBXFileReference; lastKnownFileType = text.plist.xml; path = Info.plist; sourceTree = "<group>"; };
/* End PBXFileReference section */

/* Begin PBXFrameworksBuildPhase section */
		A4993C9822412FB50067ABC0 /* Frameworks */ = {
			isa = PBXFrameworksBuildPhase;
			buildActionMask = 2147483647;
			files = (
			);
			runOnlyForDeploymentPostprocessing = 0;
		};
/* End PBXFrameworksBuildPhase section */

/* Begin PBXGroup section */
		3A65680E26666BBB006C6D6C /* Controller */ = {
			isa = PBXGroup;
			children = (
				A4993CA022412FB50067ABC0 /* ViewController.swift */,
				3AA199CF26666075002B40F0 /* WeatherViewController.swift */,
			);
			path = Controller;
			sourceTree = "<group>";
		};
		3A65680F26666C6D006C6D6C /* Model */ = {
			isa = PBXGroup;
			children = (
				3AA199CD26659BC5002B40F0 /* Weather.swift */,
			);
			path = Model;
			sourceTree = "<group>";
		};
		3A65681026666D3C006C6D6C /* NetworkManager */ = {
			isa = PBXGroup;
			children = (
				3AA199CB2665969B002B40F0 /* NetworkManager.swift */,
			);
			path = NetworkManager;
			sourceTree = "<group>";
		};
		3A65681126666D9A006C6D6C /* Extensions */ = {
			isa = PBXGroup;
			children = (
				3A65681226666DBF006C6D6C /* DateExtension.swift */,
				3A65681426666DEF006C6D6C /* ImageViewExtension.swift */,
				3A65681626666E0D006C6D6C /* FormatTempFloatExtension.swift */,
			);
			path = Extensions;
			sourceTree = "<group>";
		};
		3A6568182666704F006C6D6C /* View */ = {
			isa = PBXGroup;
			children = (
				3A65681926667069006C6D6C /* TableViewCell.swift */,
			);
			path = View;
			sourceTree = "<group>";
		};
		A4993C9222412FB50067ABC0 = {
			isa = PBXGroup;
			children = (
				A4993C9D22412FB50067ABC0 /* IOSMapKitTutorial */,
				A4993C9C22412FB50067ABC0 /* Products */,
			);
			sourceTree = "<group>";
		};
		A4993C9C22412FB50067ABC0 /* Products */ = {
			isa = PBXGroup;
			children = (
				A4993C9B22412FB50067ABC0 /* IOSMapKitTutorial.app */,
			);
			name = Products;
			sourceTree = "<group>";
		};
		A4993C9D22412FB50067ABC0 /* IOSMapKitTutorial */ = {
			isa = PBXGroup;
			children = (
				3A6568182666704F006C6D6C /* View */,
				3A65681126666D9A006C6D6C /* Extensions */,
				3A65680F26666C6D006C6D6C /* Model */,
				3A65680E26666BBB006C6D6C /* Controller */,
				A4993CA222412FB50067ABC0 /* Main.storyboard */,
				A4993CA522412FB60067ABC0 /* Assets.xcassets */,
				A4993CA722412FB60067ABC0 /* LaunchScreen.storyboard */,
				A4993C9E22412FB50067ABC0 /* AppDelegate.swift */,
				A4993CAA22412FB60067ABC0 /* Info.plist */,
				3A65681026666D3C006C6D6C /* NetworkManager */,
			);
			path = IOSMapKitTutorial;
			sourceTree = "<group>";
		};
/* End PBXGroup section */

/* Begin PBXNativeTarget section */
		A4993C9A22412FB50067ABC0 /* IOSMapKitTutorial */ = {
			isa = PBXNativeTarget;
			buildConfigurationList = A4993CAD22412FB60067ABC0 /* Build configuration list for PBXNativeTarget "IOSMapKitTutorial" */;
			buildPhases = (
				A4993C9722412FB50067ABC0 /* Sources */,
				A4993C9822412FB50067ABC0 /* Frameworks */,
				A4993C9922412FB50067ABC0 /* Resources */,
			);
			buildRules = (
			);
			dependencies = (
			);
			name = IOSMapKitTutorial;
			productName = IOSMapKitTutorial;
			productReference = A4993C9B22412FB50067ABC0 /* IOSMapKitTutorial.app */;
			productType = "com.apple.product-type.application";
		};
/* End PBXNativeTarget section */

/* Begin PBXProject section */
		A4993C9322412FB50067ABC0 /* Project object */ = {
			isa = PBXProject;
			attributes = {
				LastSwiftUpdateCheck = 1010;
				LastUpgradeCheck = 1010;
				ORGANIZATIONNAME = "Arthur Knopper";
				TargetAttributes = {
					A4993C9A22412FB50067ABC0 = {
						CreatedOnToolsVersion = 10.1;
					};
				};
			};
			buildConfigurationList = A4993C9622412FB50067ABC0 /* Build configuration list for PBXProject "IOSMapKitTutorial" */;
			compatibilityVersion = "Xcode 9.3";
			developmentRegion = en;
			hasScannedForEncodings = 0;
			knownRegions = (
				en,
				Base,
			);
			mainGroup = A4993C9222412FB50067ABC0;
			productRefGroup = A4993C9C22412FB50067ABC0 /* Products */;
			projectDirPath = "";
			projectRoot = "";
			targets = (
				A4993C9A22412FB50067ABC0 /* IOSMapKitTutorial */,
			);
		};
/* End PBXProject section */

/* Begin PBXResourcesBuildPhase section */
		A4993C9922412FB50067ABC0 /* Resources */ = {
			isa = PBXResourcesBuildPhase;
			buildActionMask = 2147483647;
			files = (
				A4993CA922412FB60067ABC0 /* LaunchScreen.storyboard in Resources */,
				A4993CA622412FB60067ABC0 /* Assets.xcassets in Resources */,
				A4993CA422412FB50067ABC0 /* Main.storyboard in Resources */,
			);
			runOnlyForDeploymentPostprocessing = 0;
		};
/* End PBXResourcesBuildPhase section */

/* Begin PBXSourcesBuildPhase section */
		A4993C9722412FB50067ABC0 /* Sources */ = {
			isa = PBXSourcesBuildPhase;
			buildActionMask = 2147483647;
			files = (
				3AA199CC2665969B002B40F0 /* NetworkManager.swift in Sources */,
				3A65681526666DEF006C6D6C /* ImageViewExtension.swift in Sources */,
				3A65681326666DBF006C6D6C /* DateExtension.swift in Sources */,
				3A65681A26667069006C6D6C /* TableViewCell.swift in Sources */,
				3A65681726666E0D006C6D6C /* FormatTempFloatExtension.swift in Sources */,
				3AA199D026666075002B40F0 /* WeatherViewController.swift in Sources */,
				A4993CA122412FB50067ABC0 /* ViewController.swift in Sources */,
				A4993C9F22412FB50067ABC0 /* AppDelegate.swift in Sources */,
				3AA199CE26659BC5002B40F0 /* Weather.swift in Sources */,
			);
			runOnlyForDeploymentPostprocessing = 0;
		};
/* End PBXSourcesBuildPhase section */

/* Begin PBXVariantGroup section */
		A4993CA222412FB50067ABC0 /* Main.storyboard */ = {
			isa = PBXVariantGroup;
			children = (
				A4993CA322412FB50067ABC0 /* Base */,
			);
			name = Main.storyboard;
			sourceTree = "<group>";
		};
		A4993CA722412FB60067ABC0 /* LaunchScreen.storyboard */ = {
			isa = PBXVariantGroup;
			children = (
				A4993CA822412FB60067ABC0 /* Base */,
			);
			name = LaunchScreen.storyboard;
			sourceTree = "<group>";
		};
/* End PBXVariantGroup section */

/* Begin XCBuildConfiguration section */
		A4993CAB22412FB60067ABC0 /* Debug */ = {
			isa = XCBuildConfiguration;
			buildSettings = {
				ALWAYS_SEARCH_USER_PATHS = NO;
				CLANG_ANALYZER_NONNULL = YES;
				CLANG_ANALYZER_NUMBER_OBJECT_CONVERSION = YES_AGGRESSIVE;
				CLANG_CXX_LANGUAGE_STANDARD = "gnu++14";
				CLANG_CXX_LIBRARY = "libc++";
				CLANG_ENABLE_MODULES = YES;
				CLANG_ENABLE_OBJC_ARC = YES;
				CLANG_ENABLE_OBJC_WEAK = YES;
				CLANG_WARN_BLOCK_CAPTURE_AUTORELEASING = YES;
				CLANG_WARN_BOOL_CONVERSION = YES;
				CLANG_WARN_COMMA = YES;
				CLANG_WARN_CONSTANT_CONVERSION = YES;
				CLANG_WARN_DEPRECATED_OBJC_IMPLEMENTATIONS = YES;
				CLANG_WARN_DIRECT_OBJC_ISA_USAGE = YES_ERROR;
				CLANG_WARN_DOCUMENTATION_COMMENTS = YES;
				CLANG_WARN_EMPTY_BODY = YES;
				CLANG_WARN_ENUM_CONVERSION = YES;
				CLANG_WARN_INFINITE_RECURSION = YES;
				CLANG_WARN_INT_CONVERSION = YES;
				CLANG_WARN_NON_LITERAL_NULL_CONVERSION = YES;
				CLANG_WARN_OBJC_IMPLICIT_RETAIN_SELF = YES;
				CLANG_WARN_OBJC_LITERAL_CONVERSION = YES;
				CLANG_WARN_OBJC_ROOT_CLASS = YES_ERROR;
				CLANG_WARN_RANGE_LOOP_ANALYSIS = YES;
				CLANG_WARN_STRICT_PROTOTYPES = YES;
				CLANG_WARN_SUSPICIOUS_MOVE = YES;
				CLANG_WARN_UNGUARDED_AVAILABILITY = YES_AGGRESSIVE;
				CLANG_WARN_UNREACHABLE_CODE = YES;
				CLANG_WARN__DUPLICATE_METHOD_MATCH = YES;
				CODE_SIGN_IDENTITY = "iPhone Developer";
				COPY_PHASE_STRIP = NO;
				DEBUG_INFORMATION_FORMAT = dwarf;
				ENABLE_STRICT_OBJC_MSGSEND = YES;
				ENABLE_TESTABILITY = YES;
				GCC_C_LANGUAGE_STANDARD = gnu11;
				GCC_DYNAMIC_NO_PIC = NO;
				GCC_NO_COMMON_BLOCKS = YES;
				GCC_OPTIMIZATION_LEVEL = 0;
				GCC_PREPROCESSOR_DEFINITIONS = (
					"DEBUG=1",
					"$(inherited)",
				);
				GCC_WARN_64_TO_32_BIT_CONVERSION = YES;
				GCC_WARN_ABOUT_RETURN_TYPE = YES_ERROR;
				GCC_WARN_UNDECLARED_SELECTOR = YES;
				GCC_WARN_UNINITIALIZED_AUTOS = YES_AGGRESSIVE;
				GCC_WARN_UNUSED_FUNCTION = YES;
				GCC_WARN_UNUSED_VARIABLE = YES;
				IPHONEOS_DEPLOYMENT_TARGET = 14.5;
				MTL_ENABLE_DEBUG_INFO = INCLUDE_SOURCE;
				MTL_FAST_MATH = YES;
				ONLY_ACTIVE_ARCH = YES;
				SDKROOT = iphoneos;
				SWIFT_ACTIVE_COMPILATION_CONDITIONS = DEBUG;
				SWIFT_OPTIMIZATION_LEVEL = "-Onone";
			};
			name = Debug;
		};
		A4993CAC22412FB60067ABC0 /* Release */ = {
			isa = XCBuildConfiguration;
			buildSettings = {
				ALWAYS_SEARCH_USER_PATHS = NO;
				CLANG_ANALYZER_NONNULL = YES;
				CLANG_ANALYZER_NUMBER_OBJECT_CONVERSION = YES_AGGRESSIVE;
				CLANG_CXX_LANGUAGE_STANDARD = "gnu++14";
				CLANG_CXX_LIBRARY = "libc++";
				CLANG_ENABLE_MODULES = YES;
				CLANG_ENABLE_OBJC_ARC = YES;
				CLANG_ENABLE_OBJC_WEAK = YES;
				CLANG_WARN_BLOCK_CAPTURE_AUTORELEASING = YES;
				CLANG_WARN_BOOL_CONVERSION = YES;
				CLANG_WARN_COMMA = YES;
				CLANG_WARN_CONSTANT_CONVERSION = YES;
				CLANG_WARN_DEPRECATED_OBJC_IMPLEMENTATIONS = YES;
				CLANG_WARN_DIRECT_OBJC_ISA_USAGE = YES_ERROR;
				CLANG_WARN_DOCUMENTATION_COMMENTS = YES;
				CLANG_WARN_EMPTY_BODY = YES;
				CLANG_WARN_ENUM_CONVERSION = YES;
				CLANG_WARN_INFINITE_RECURSION = YES;
				CLANG_WARN_INT_CONVERSION = YES;
				CLANG_WARN_NON_LITERAL_NULL_CONVERSION = YES;
				CLANG_WARN_OBJC_IMPLICIT_RETAIN_SELF = YES;
				CLANG_WARN_OBJC_LITERAL_CONVERSION = YES;
				CLANG_WARN_OBJC_ROOT_CLASS = YES_ERROR;
				CLANG_WARN_RANGE_LOOP_ANALYSIS = YES;
				CLANG_WARN_STRICT_PROTOTYPES = YES;
				CLANG_WARN_SUSPICIOUS_MOVE = YES;
				CLANG_WARN_UNGUARDED_AVAILABILITY = YES_AGGRESSIVE;
				CLANG_WARN_UNREACHABLE_CODE = YES;
				CLANG_WARN__DUPLICATE_METHOD_MATCH = YES;
				CODE_SIGN_IDENTITY = "iPhone Developer";
				COPY_PHASE_STRIP = NO;
				DEBUG_INFORMATION_FORMAT = "dwarf-with-dsym";
				ENABLE_NS_ASSERTIONS = NO;
				ENABLE_STRICT_OBJC_MSGSEND = YES;
				GCC_C_LANGUAGE_STANDARD = gnu11;
				GCC_NO_COMMON_BLOCKS = YES;
				GCC_WARN_64_TO_32_BIT_CONVERSION = YES;
				GCC_WARN_ABOUT_RETURN_TYPE = YES_ERROR;
				GCC_WARN_UNDECLARED_SELECTOR = YES;
				GCC_WARN_UNINITIALIZED_AUTOS = YES_AGGRESSIVE;
				GCC_WARN_UNUSED_FUNCTION = YES;
				GCC_WARN_UNUSED_VARIABLE = YES;
				IPHONEOS_DEPLOYMENT_TARGET = 14.5;
				MTL_ENABLE_DEBUG_INFO = NO;
				MTL_FAST_MATH = YES;
				SDKROOT = iphoneos;
				SWIFT_COMPILATION_MODE = wholemodule;
				SWIFT_OPTIMIZATION_LEVEL = "-O";
				VALIDATE_PRODUCT = YES;
			};
			name = Release;
		};
		A4993CAE22412FB60067ABC0 /* Debug */ = {
			isa = XCBuildConfiguration;
			buildSettings = {
				ASSETCATALOG_COMPILER_APPICON_NAME = AppIcon;
				CODE_SIGN_STYLE = Automatic;
				DEVELOPMENT_TEAM = LY52JA5JFF;
				INFOPLIST_FILE = IOSMapKitTutorial/Info.plist;
				LD_RUNPATH_SEARCH_PATHS = (
					"$(inherited)",
					"@executable_path/Frameworks",
				);
				PRODUCT_BUNDLE_IDENTIFIER = "AlexanderAdegbenro-IOSMapKit";
				PRODUCT_NAME = "$(TARGET_NAME)";
				SWIFT_VERSION = 4.2;
				TARGETED_DEVICE_FAMILY = "1,2";
			};
			name = Debug;
		};
		A4993CAF22412FB60067ABC0 /* Release */ = {
			isa = XCBuildConfiguration;
			buildSettings = {
				ASSETCATALOG_COMPILER_APPICON_NAME = AppIcon;
				CODE_SIGN_IDENTITY = "Apple Development";
				CODE_SIGN_STYLE = Automatic;
				DEVELOPMENT_TEAM = "";
				INFOPLIST_FILE = IOSMapKitTutorial/Info.plist;
				LD_RUNPATH_SEARCH_PATHS = (
					"$(inherited)",
					"@executable_path/Frameworks",
				);
				PRODUCT_BUNDLE_IDENTIFIER = com.ioscreator.IOSMapKitTutorial;
				PRODUCT_NAME = "$(TARGET_NAME)";
				PROVISIONING_PROFILE_SPECIFIER = "";
				SWIFT_VERSION = 4.2;
				TARGETED_DEVICE_FAMILY = "1,2";
			};
			name = Release;
		};
/* End XCBuildConfiguration section */

/* Begin XCConfigurationList section */
		A4993C9622412FB50067ABC0 /* Build configuration list for PBXProject "IOSMapKitTutorial" */ = {
			isa = XCConfigurationList;
			buildConfigurations = (
				A4993CAB22412FB60067ABC0 /* Debug */,
				A4993CAC22412FB60067ABC0 /* Release */,
			);
			defaultConfigurationIsVisible = 0;
			defaultConfigurationName = Release;
		};
		A4993CAD22412FB60067ABC0 /* Build configuration list for PBXNativeTarget "IOSMapKitTutorial" */ = {
			isa = XCConfigurationList;
			buildConfigurations = (
				A4993CAE22412FB60067ABC0 /* Debug */,
				A4993CAF22412FB60067ABC0 /* Release */,
			);
			defaultConfigurationIsVisible = 0;
			defaultConfigurationName = Release;
		};
/* End XCConfigurationList section */
	};
	rootObject = A4993C9322412FB50067ABC0 /* Project object */;
}
